github.com/carlmjohnson/be v0.24.1 h1:QNG+beMZHF6AZsElCrf7S4fVGa0EDtQGkXQiBFPuDZc=
github.com/carlmjohnson/be v0.24.1/go.mod h1:KAgPUh0HpzWYZZI+IABdo80wTgY43YhbdsiLYAaSI/Q=
github.com/ncruces/go-sqlite3 v0.29.0 h1:1tsLiagCoqZEfcHDeKsNSv5jvrY/Iu393pAnw2wLNJU=
github.com/ncruces/go-sqlite3 v0.29.0/go.mod h1:r1hSvYKPNJ+OlUA1O3r8o9LAawzPAlqeZiIdxTBBBJ0=
github.com/ncruces/go-sqlite3 v0.31.1 h1:F76NF4NTLNOabLUKuEb2xqjBW+/Ub+MR59/Q7dACRo8=
github.com/ncruces/go-sqlite3 v0.31.1/go.mod h1:L9OWFjYG/+4dq9O6bFCYoWLG0a7LmtgR6v26TvABmwg=
github.com/ncruces/julianday v1.0.0 h1:fH0OKwa7NWvniGQtxdJRxAgkBMolni2BjDHaWTxqt7M=
github.com/ncruces/julianday v1.0.0/go.mod h1:Dusn2KvZrrovOMJuOt0TNXL6tB7U2E8kvza5fFc9G7g=
github.com/tetratelabs/wazero v1.9.0 h1:IcZ56OuxrtaEz8UYNRHBrUa9bYeX9oVY93KspZZBf/I=
github.com/tetratelabs/wazero v1.9.0/go.mod h1:TSbcXCfFP0L2FGkRPxHphadXPjo1T6W+CseNNY7EkjM=
github.com/tetratelabs/wazero v1.11.0 h1:+gKemEuKCTevU4d7ZTzlsvgd1uaToIDtlQlmNbwqYhA=
github.com/tetratelabs/wazero v1.11.0/go.mod h1:eV28rsN8Q+xwjogd7f4/Pp4xFxO7uOGbLcD/LzB1wiU=
go.senan.xyz/sqlb v0.2.7 h1:CZwkuycQvqVZVxzy/+IvW6cOpVWJjZ53YnckICILjzk=
go.senan.xyz/sqlb v0.2.7/go.mod h1:WR1FBAYs4MZHBomltX7FslGUWdHZQJEO4H6t3qd0ZA0=
go.senan.xyz/sqlb v0.3.11 h1:uSfFZmtiUUyPddAYf/1rJqcgZIMeONagIxBWlmYyO9w=
go.senan.xyz/sqlb v0.3.11/go.mod h1:aRytbRE1g6Frn2U8O7xtJdkJr8tHQLX7N4+lHRlVP4s=
golang.org/x/sys v0.36.0 h1:KVRy2GtZBrk1cBYA7MKu5bEZFxQk4NIDV6RLVcC8o0k=
golang.org/x/sys v0.36.0/go.mod h1:OgkHotnGiDImocRcuBABYBEXf8A9a87e/uXjp9XT3ks=
golang.org/x/sys v0.42.0 h1:omrd2nAlyT5ESRdCLYdm3+fMfNFE/+Rf4bDIQImRJeo=
golang.org/x/sys v0.42.0/go.mod h1:4GL1E5IUh+htKOUEOaiffhrAeqysfVGipDYzABqnCmw=
golang.org/x/text v0.29.0 h1:1neNs90w9YzJ9BocxfsQNHKuAT4pkghyXc4nhZ6sJvk=
golang.org/x/text v0.29.0/go.mod h1:7MhJOA9CD2qZyOKYazxdYMF85OwPdEr9jTtBpO7ydH4=
golang.org/x/text v0.34.0 h1:oL/Qq0Kdaqxa1KbNeMKwQq0reLCCaFtqu2eNuSeNHbk=
golang.org/x/tools v0.37.0 h1:DVSRzp7FwePZW356yEAChSdNcQo6Nsp+fex1SUW09lE=
golang.org/x/tools v0.37.0/go.mod h1:MBN5QPQtLMHVdvsbtarmTNukZDdgwdwlO5qGacAzF0w=
golang.org/x/tools v0.43.0 h1:12BdW9CeB3Z+J/I/wj34VMl8X+fEXBxVR90JeMX5E7s=
golang.org/x/tools v0.43.0/go.mod h1:uHkMso649BX2cZK6+RpuIPXS3ho2hZo4FVwfoy1vIk0=
