github.com/ncruces/go-sqlite3 v0.34.4 h1:bp8jd1o2CMvjkrrp1lOtHDu1TdzExNWACt+piQeMwzg=
github.com/ncruces/go-sqlite3 v0.34.4/go.mod h1:tOyhDWnzlrzflKIGw177imjuO4ZEbfOS1NJ67B1BanQ=
github.com/ncruces/go-sqlite3-wasm/v2 v2.6.35302 h1:IZCiInPIp6OhOc1skMDGOBMwMQuE1TK+QqVe35vd/ro=
github.com/ncruces/go-sqlite3-wasm/v2 v2.6.35302/go.mod h1:ELHF6yqC51E0DiitfabHXl/aKKouCihugbhNT5a+yEY=
github.com/ncruces/julianday v1.0.0 h1:fH0OKwa7NWvniGQtxdJRxAgkBMolni2BjDHaWTxqt7M=
github.com/ncruces/julianday v1.0.0/go.mod h1:Dusn2KvZrrovOMJuOt0TNXL6tB7U2E8kvza5fFc9G7g=
github.com/psanford/httpreadat v0.1.0 h1:VleW1HS2zO7/4c7c7zNl33fO6oYACSagjJIyMIwZLUE=
github.com/psanford/httpreadat v0.1.0/go.mod h1:Zg7P+TlBm3bYbyHTKv/EdtSJZn3qwbPwpfZ/I9GKCRE=
github.com/rogpeppe/go-internal v1.14.1 h1:UQB4HGPB6osV0SQTLymcB4TgvyWu6ZyliaW0tI/otEQ=
github.com/rogpeppe/go-internal v1.14.1/go.mod h1:MaRKkUm5W0goXpeCfT7UZI6fk/L7L7so1lCWt35ZSgc=
go.senan.xyz/flagconf v0.1.11 h1:ApA9DpoSrfVQlLt8spKJC3fOT7oTEZ2/MmBGMnb9mt4=
go.senan.xyz/flagconf v0.1.11/go.mod h1:NqOFfSwJvNWXOTUabcRZ8mPK9+sJmhStJhqtEt74wNQ=
go.senan.xyz/sqlb v0.6.0 h1:gLecbO5lj/JEcOi0yYQdZX+XV0LnOjVubAKnQE7etiY=
go.senan.xyz/sqlb v0.6.0/go.mod h1:XA78JignAlL79/cYZsWhxMpsZzfEdbbEpd+Nzrtyp2E=
golang.org/x/sys v0.46.0 h1:noSf2Fq6F8DBgS+LysIkx7rIExoNHJsxOAtPp4rthXw=
golang.org/x/sys v0.46.0/go.mod h1:4GL1E5IUh+htKOUEOaiffhrAeqysfVGipDYzABqnCmw=
golang.org/x/text v0.37.0 h1:Cqjiwd9eSg8e0QAkyCaQTNHFIIzWtidPahFWR83rTrc=
golang.org/x/text v0.37.0/go.mod h1:a5sjxXGs9hsn/AJVwuElvCAo9v8QYLzvavO5z2PiM38=
golang.org/x/tools v0.45.0 h1:18qN3FAooORvApf5XjCXgsuayZOEtXf6JK18I3+ONa8=
golang.org/x/tools v0.45.0/go.mod h1:LuUGqqaXcXMEFEruIVJVm5mgDD8vww/z/SR1gQ4uE/0=
